
Microsoft Visual Studio Solution File, Format Version 12.00
# Visual Studio 2013
VisualStudioVersion = 12.0.30723.0
MinimumVisualStudioVersion = 10.0.40219.1
Project("{FAE04EC0-301F-11D3-BF4B-00C04F79EFBC}") = "SimpleWindowsService", "SimpleWindowsService\SimpleWindowsService.csproj", "{B691E922-5ECD-4C13-8A3A-7975F4769F13}"
EndProject
Project("{FAE04EC0-301F-11D3-BF4B-00C04F79EFBC}") = "SimpleWindowsApp", "SimpleWindowsApp\SimpleWindowsApp.csproj", "{65C642D2-7A8A-4AEB-8584-3ECC797E78AD}"
EndProject
Global
	GlobalSection(SolutionConfigurationPlatforms) = preSolution
		Debug|Any CPU = Debug|Any CPU
		Release|Any CPU = Release|Any CPU
	EndGlobalSection
	GlobalSection(ProjectConfigurationPlatforms) = postSolution
		{B691E922-5ECD-4C13-8A3A-7975F4769F13}.Debug|Any CPU.ActiveCfg = Debug|Any CPU
		{B691E922-5ECD-4C13-8A3A-7975F4769F13}.Debug|Any CPU.Build.0 = Debug|Any CPU
		{B691E922-5ECD-4C13-8A3A-7975F4769F13}.Release|Any CPU.ActiveCfg = Release|Any CPU
		{B691E922-5ECD-4C13-8A3A-7975F4769F13}.Release|Any CPU.Build.0 = Release|Any CPU
		{65C642D2-7A8A-4AEB-8584-3ECC797E78AD}.Debug|Any CPU.ActiveCfg = Debug|Any CPU
		{65C642D2-7A8A-4AEB-8584-3ECC797E78AD}.Debug|Any CPU.Build.0 = Debug|Any CPU
		{65C642D2-7A8A-4AEB-8584-3ECC797E78AD}.Release|Any CPU.ActiveCfg = Release|Any CPU
		{65C642D2-7A8A-4AEB-8584-3ECC797E78AD}.Release|Any CPU.Build.0 = Release|Any CPU
	EndGlobalSection
	GlobalSection(SolutionProperties) = preSolution
		HideSolutionNode = FALSE
	EndGlobalSection
EndGlobal
